
Microsoft Visual Studio Solution File, Format Version 12.00
# Visual Studio Version 16
VisualStudioVersion = 16.0.31410.357
MinimumVisualStudioVersion = 10.0.40219.1
Project("{FAE04EC0-301F-11D3-BF4B-00C04F79EFBC}") = "OCP", "OCP\OCP.csproj", "{7FB8E3FE-0DEF-4B49-AE1A-95714ABD15D8}"
EndProject
Project("{FAE04EC0-301F-11D3-BF4B-00C04F79EFBC}") = "LSP", "LSP\LSP.csproj", "{5C878214-360E-4408-BD61-04A0032173DF}"
EndProject
Project("{FAE04EC0-301F-11D3-BF4B-00C04F79EFBC}") = "ISP", "ISP\ISP.csproj", "{FE8A022C-FE00-4555-913B-97263B85D5AA}"
EndProject
Project("{FAE04EC0-301F-11D3-BF4B-00C04F79EFBC}") = "DIP", "DIP\DIP.csproj", "{E0274077-CF92-41E5-B3C3-A7A26BE367F6}"
EndProject
Project("{FAE04EC0-301F-11D3-BF4B-00C04F79EFBC}") = "SRP", "SRP\SRP.csproj", "{782A1059-1D05-4B15-B0D8-D2F5D98E1306}"
EndProject
Global
	GlobalSection(SolutionConfigurationPlatforms) = preSolution
		Debug|Any CPU = Debug|Any CPU
		Release|Any CPU = Release|Any CPU
	EndGlobalSection
	GlobalSection(ProjectConfigurationPlatforms) = postSolution
		{7FB8E3FE-0DEF-4B49-AE1A-95714ABD15D8}.Debug|Any CPU.ActiveCfg = Debug|Any CPU
		{7FB8E3FE-0DEF-4B49-AE1A-95714ABD15D8}.Debug|Any CPU.Build.0 = Debug|Any CPU
		{7FB8E3FE-0DEF-4B49-AE1A-95714ABD15D8}.Release|Any CPU.ActiveCfg = Release|Any CPU
		{7FB8E3FE-0DEF-4B49-AE1A-95714ABD15D8}.Release|Any CPU.Build.0 = Release|Any CPU
		{5C878214-360E-4408-BD61-04A0032173DF}.Debug|Any CPU.ActiveCfg = Debug|Any CPU
		{5C878214-360E-4408-BD61-04A0032173DF}.Debug|Any CPU.Build.0 = Debug|Any CPU
		{5C878214-360E-4408-BD61-04A0032173DF}.Release|Any CPU.ActiveCfg = Release|Any CPU
		{5C878214-360E-4408-BD61-04A0032173DF}.Release|Any CPU.Build.0 = Release|Any CPU
		{FE8A022C-FE00-4555-913B-97263B85D5AA}.Debug|Any CPU.ActiveCfg = Debug|Any CPU
		{FE8A022C-FE00-4555-913B-97263B85D5AA}.Debug|Any CPU.Build.0 = Debug|Any CPU
		{FE8A022C-FE00-4555-913B-97263B85D5AA}.Release|Any CPU.ActiveCfg = Release|Any CPU
		{FE8A022C-FE00-4555-913B-97263B85D5AA}.Release|Any CPU.Build.0 = Release|Any CPU
		{E0274077-CF92-41E5-B3C3-A7A26BE367F6}.Debug|Any CPU.ActiveCfg = Debug|Any CPU
		{E0274077-CF92-41E5-B3C3-A7A26BE367F6}.Debug|Any CPU.Build.0 = Debug|Any CPU
		{E0274077-CF92-41E5-B3C3-A7A26BE367F6}.Release|Any CPU.ActiveCfg = Release|Any CPU
		{E0274077-CF92-41E5-B3C3-A7A26BE367F6}.Release|Any CPU.Build.0 = Release|Any CPU
		{782A1059-1D05-4B15-B0D8-D2F5D98E1306}.Debug|Any CPU.ActiveCfg = Debug|Any CPU
		{782A1059-1D05-4B15-B0D8-D2F5D98E1306}.Debug|Any CPU.Build.0 = Debug|Any CPU
		{782A1059-1D05-4B15-B0D8-D2F5D98E1306}.Release|Any CPU.ActiveCfg = Release|Any CPU
		{782A1059-1D05-4B15-B0D8-D2F5D98E1306}.Release|Any CPU.Build.0 = Release|Any CPU
	EndGlobalSection
	GlobalSection(SolutionProperties) = preSolution
		HideSolutionNode = FALSE
	EndGlobalSection
	GlobalSection(ExtensibilityGlobals) = postSolution
		SolutionGuid = {9B88B542-F894-48E0-B6D7-1C84978EEDCE}
	EndGlobalSection
EndGlobal
